PATH
  remote: .
  specs:
    breezy_pdf_lite (0.0.1)

GEM
  remote: https://rubygems.org/
  specs:
    ast (2.4.0)
    minitest (5.11.3)
    minitest-stub-const (0.6)
    parallel (1.12.1)
    parser (2.5.1.0)
      ast (~> 2.4.0)
    powerpack (0.1.2)
    rainbow (3.0.0)
    rake (10.5.0)
    rubocop (0.54.0)
      parallel (~> 1.10)
      parser (>= 2.5)
      powerpack (~> 0.1)
      rainbow (>= 2.2.2, < 4.0)
      ruby-progressbar (~> 1.7)
      unicode-display_width (~> 1.0, >= 1.0.1)
    ruby-progressbar (1.9.0)
    unicode-display_width (1.4.0)

PLATFORMS
  ruby

DEPENDENCIES
  breezy_pdf_lite!
  bundler (~> 1.16)
  minitest (~> 5.0)
  minitest-stub-const (~> 0.6)
  rake (~> 10.0)
  rubocop (= 0.54)

BUNDLED WITH
   1.16.0
